github.com/360EntSecGroup-Skylar/excelize v1.4.1 h1:l55mJb6rkkaUzOpSsgEeKYtS6/0gHwBYyfo5Jcjv/Ks=
github.com/360EntSecGroup-Skylar/excelize v1.4.1/go.mod h1:vnax29X2usfl7HHkBrX5EvSCJcmH3dT9luvxzu8iGAE=
github.com/davecgh/go-spew v1.1.1 h1:vj9j/u1bqnvCEfJOwUhtlOARqs3+rkHYY13jYWTU97c=
github.com/davecgh/go-spew v1.1.1/go.mod h1:J7Y8YcW2NihsgmVo/mv3lAwl/skON4iLHjSsI+c5H38=
github.com/gopherd/log v0.1.14 h1:1+P7H5uRwuq53FGqiq8EvjRnrT2+dd43ufMtP9j1Wbk=
github.com/gopherd/log v0.1.14/go.mod h1:gmYpBUEA6VpJUvyariz0aU4gT3Oqvu94nk45vx8W6uQ=
github.com/midlang/mid v0.1.12 h1:5YNvnWl8Oo33hc7VpUaUON6CgE5dOD8B3OfEITDvmV4=
github.com/midlang/mid v0.1.12/go.mod h1:PwgNOb3jU17Sl97yVPsJ2NZZO59jEj+FFYUtHnLntHU=
github.com/mohae/deepcopy v0.0.0-20170929034955-c48cc78d4826 h1:RWengNIwukTxcDr9M+97sNutRR1RKhG96O6jWumTTnw=
github.com/mohae/deepcopy v0.0.0-20170929034955-c48cc78d4826/go.mod h1:TaXosZuwdSHYgviHp1DAtfrULt5eUgsSMsZf+YrPgl8=
github.com/pmezard/go-difflib v1.0.0 h1:4DBwDE0NGyQoBHbLQYPwSUPoCMWR5BEzIk/f1lZbAQM=
github.com/pmezard/go-difflib v1.0.0/go.mod h1:iKH77koFhYxTK1pcRnkKkqfTogsbg7gZNVY4sRDYZ/4=
github.com/stretchr/testify v1.2.3-0.20181224173747-660f15d67dbb/go.mod h1:a8OnRcib4nhh0OaRAV+Yts87kKdq0PP7pXfy6kDkUVs=
github.com/stretchr/testify v1.5.1 h1:nOGnQDM7FYENwehXlg/kFVnos3rEvtKTjRvOWSzb6H4=
gopkg.in/yaml.v2 v2.2.2 h1:ZCJp+EgiOT7lHqUV2J862kp8Qj64Jo6az82+3Td9dZw=
